// !$*UTF8*$!
{
	archiveVersion = 1;
	classes = {
	};
	objectVersion = 55;
	objects = {

/* Begin PBXBuildFile section */
		2EAC6662288A8BCC00BD97C9 /* AppDelegate.swift in Sources */ = {isa = PBXBuildFile; fileRef = 2EAC6661288A8BCC00BD97C9 /* AppDelegate.swift */; };
		2EAC6664288A8BCC00BD97C9 /* SceneDelegate.swift in Sources */ = {isa = PBXBuildFile; fileRef = 2EAC6663288A8BCC00BD97C9 /* SceneDelegate.swift */; };
		2EAC6669288A8BCC00BD97C9 /* Main.storyboard in Resources */ = {isa = PBXBuildFile; fileRef = 2EAC6667288A8BCC00BD97C9 /* Main.storyboard */; };
		2EAC666B288A8BCD00BD97C9 /* Assets.xcassets in Resources */ = {isa = PBXBuildFile; fileRef = 2EAC666A288A8BCD00BD97C9 /* Assets.xcassets */; };
		2EAC666E288A8BCD00BD97C9 /* LaunchScreen.storyboard in Resources */ = {isa = PBXBuildFile; fileRef = 2EAC666C288A8BCD00BD97C9 /* LaunchScreen.storyboard */; };
		2EAC667D288A8D2900BD97C9 /* RoverScreen.swift in Sources */ = {isa = PBXBuildFile; fileRef = 2EAC667C288A8D2900BD97C9 /* RoverScreen.swift */; };
		2EAC667F288A8EB300BD97C9 /* Extensions.swift in Sources */ = {isa = PBXBuildFile; fileRef = 2EAC667E288A8EB300BD97C9 /* Extensions.swift */; };
		2EAC6681288A8EC600BD97C9 /* APICaller.swift in Sources */ = {isa = PBXBuildFile; fileRef = 2EAC6680288A8EC600BD97C9 /* APICaller.swift */; };
		2EAC6683288A8F0000BD97C9 /* RoverPhotos.swift in Sources */ = {isa = PBXBuildFile; fileRef = 2EAC6682288A8F0000BD97C9 /* RoverPhotos.swift */; };
		2EAC6685288A8F1D00BD97C9 /* Rover.swift in Sources */ = {isa = PBXBuildFile; fileRef = 2EAC6684288A8F1D00BD97C9 /* Rover.swift */; };
		2EAC6687288A8F3200BD97C9 /* RoverCell.swift in Sources */ = {isa = PBXBuildFile; fileRef = 2EAC6686288A8F3200BD97C9 /* RoverCell.swift */; };
		2EAC668A288A8F6300BD97C9 /* SDWebImage in Frameworks */ = {isa = PBXBuildFile; productRef = 2EAC6689288A8F6300BD97C9 /* SDWebImage */; };
		2EAC668C288A9C1600BD97C9 /* Alert.swift in Sources */ = {isa = PBXBuildFile; fileRef = 2EAC668B288A9C1600BD97C9 /* Alert.swift */; };
		2EAC668E288A9FC700BD97C9 /* MainViewController.swift in Sources */ = {isa = PBXBuildFile; fileRef = 2EAC668D288A9FC700BD97C9 /* MainViewController.swift */; };
		2EAC6690288AA19100BD97C9 /* RoverTypeCell.swift in Sources */ = {isa = PBXBuildFile; fileRef = 2EAC668F288AA19100BD97C9 /* RoverTypeCell.swift */; };
		4EAC20E9B61756888CA08276 /* Pods_nasa_test.framework in Frameworks */ = {isa = PBXBuildFile; fileRef = CFC5E22E8678B6BACB01DD1B /* Pods_nasa_test.framework */; };
/* End PBXBuildFile section */

/* Begin PBXFileReference section */
		2EAC665E288A8BCC00BD97C9 /* nasa_test.app */ = {isa = PBXFileReference; explicitFileType = wrapper.application; includeInIndex = 0; path = nasa_test.app; sourceTree = BUILT_PRODUCTS_DIR; };
		2EAC6661288A8BCC00BD97C9 /* AppDelegate.swift */ = {isa = PBXFileReference; lastKnownFileType = sourcecode.swift; path = AppDelegate.swift; sourceTree = "<group>"; };
		2EAC6663288A8BCC00BD97C9 /* SceneDelegate.swift */ = {isa = PBXFileReference; lastKnownFileType = sourcecode.swift; path = SceneDelegate.swift; sourceTree = "<group>"; };
		2EAC6668288A8BCC00BD97C9 /* Base */ = {isa = PBXFileReference; lastKnownFileType = file.storyboard; name = Base; path = Base.lproj/Main.storyboard; sourceTree = "<group>"; };
		2EAC666A288A8BCD00BD97C9 /* Assets.xcassets */ = {isa = PBXFileReference; lastKnownFileType = folder.assetcatalog; path = Assets.xcassets; sourceTree = "<group>"; };
		2EAC666D288A8BCD00BD97C9 /* Base */ = {isa = PBXFileReference; lastKnownFileType = file.storyboard; name = Base; path = Base.lproj/LaunchScreen.storyboard; sourceTree = "<group>"; };
		2EAC666F288A8BCD00BD97C9 /* Info.plist */ = {isa = PBXFileReference; lastKnownFileType = text.plist.xml; path = Info.plist; sourceTree = "<group>"; };
		2EAC667C288A8D2900BD97C9 /* RoverScreen.swift */ = {isa = PBXFileReference; lastKnownFileType = sourcecode.swift; path = RoverScreen.swift; sourceTree = "<group>"; };
		2EAC667E288A8EB300BD97C9 /* Extensions.swift */ = {isa = PBXFileReference; lastKnownFileType = sourcecode.swift; path = Extensions.swift; sourceTree = "<group>"; };
		2EAC6680288A8EC600BD97C9 /* APICaller.swift */ = {isa = PBXFileReference; lastKnownFileType = sourcecode.swift; path = APICaller.swift; sourceTree = "<group>"; };
		2EAC6682288A8F0000BD97C9 /* RoverPhotos.swift */ = {isa = PBXFileReference; lastKnownFileType = sourcecode.swift; path = RoverPhotos.swift; sourceTree = "<group>"; };
		2EAC6684288A8F1D00BD97C9 /* Rover.swift */ = {isa = PBXFileReference; lastKnownFileType = sourcecode.swift; path = Rover.swift; sourceTree = "<group>"; };
		2EAC6686288A8F3200BD97C9 /* RoverCell.swift */ = {isa = PBXFileReference; lastKnownFileType = sourcecode.swift; path = RoverCell.swift; sourceTree = "<group>"; };
		2EAC668B288A9C1600BD97C9 /* Alert.swift */ = {isa = PBXFileReference; fileEncoding = 4; lastKnownFileType = sourcecode.swift; path = Alert.swift; sourceTree = "<group>"; };
		2EAC668D288A9FC700BD97C9 /* MainViewController.swift */ = {isa = PBXFileReference; lastKnownFileType = sourcecode.swift; path = MainViewController.swift; sourceTree = "<group>"; };
		2EAC668F288AA19100BD97C9 /* RoverTypeCell.swift */ = {isa = PBXFileReference; lastKnownFileType = sourcecode.swift; path = RoverTypeCell.swift; sourceTree = "<group>"; };
		2FDC40A3410E3553175B46BF /* Pods-nasa_test.release.xcconfig */ = {isa = PBXFileReference; includeInIndex = 1; lastKnownFileType = text.xcconfig; name = "Pods-nasa_test.release.xcconfig"; path = "Target Support Files/Pods-nasa_test/Pods-nasa_test.release.xcconfig"; sourceTree = "<group>"; };
		55F2C8141697835D15B788BD /* Pods-nasa_test.debug.xcconfig */ = {isa = PBXFileReference; includeInIndex = 1; lastKnownFileType = text.xcconfig; name = "Pods-nasa_test.debug.xcconfig"; path = "Target Support Files/Pods-nasa_test/Pods-nasa_test.debug.xcconfig"; sourceTree = "<group>"; };
		CFC5E22E8678B6BACB01DD1B /* Pods_nasa_test.framework */ = {isa = PBXFileReference; explicitFileType = wrapper.framework; includeInIndex = 0; path = Pods_nasa_test.framework; sourceTree = BUILT_PRODUCTS_DIR; };
/* End PBXFileReference section */

/* Begin PBXFrameworksBuildPhase section */
		2EAC665B288A8BCC00BD97C9 /* Frameworks */ = {
			isa = PBXFrameworksBuildPhase;
			buildActionMask = 2147483647;
			files = (
				2EAC668A288A8F6300BD97C9 /* SDWebImage in Frameworks */,
				4EAC20E9B61756888CA08276 /* Pods_nasa_test.framework in Frameworks */,
			);
			runOnlyForDeploymentPostprocessing = 0;
		};
/* End PBXFrameworksBuildPhase section */

/* Begin PBXGroup section */
		2EAC6655288A8BCC00BD97C9 = {
			isa = PBXGroup;
			children = (
				2EAC6660288A8BCC00BD97C9 /* nasa_test */,
				2EAC665F288A8BCC00BD97C9 /* Products */,
				E7FD90E3733311ACE583F461 /* Pods */,
				8161DF92362B9C179CFE7C9F /* Frameworks */,
			);
			sourceTree = "<group>";
		};
		2EAC665F288A8BCC00BD97C9 /* Products */ = {
			isa = PBXGroup;
			children = (
				2EAC665E288A8BCC00BD97C9 /* nasa_test.app */,
			);
			name = Products;
			sourceTree = "<group>";
		};
		2EAC6660288A8BCC00BD97C9 /* nasa_test */ = {
			isa = PBXGroup;
			children = (
				2EAC667A288A8CBE00BD97C9 /* Extensions */,
				2EAC6676288A8C9800BD97C9 /* Controllers */,
				2EAC6679288A8CB200BD97C9 /* Managers */,
				2EAC6677288A8CA100BD97C9 /* Model */,
				2EAC6678288A8CAB00BD97C9 /* ViewModel */,
				2EAC667B288A8CD800BD97C9 /* Views */,
				2EAC6675288A8C7800BD97C9 /* Utilities */,
				2EAC666F288A8BCD00BD97C9 /* Info.plist */,
			);
			path = nasa_test;
			sourceTree = "<group>";
		};
		2EAC6675288A8C7800BD97C9 /* Utilities */ = {
			isa = PBXGroup;
			children = (
				2EAC6661288A8BCC00BD97C9 /* AppDelegate.swift */,
				2EAC6663288A8BCC00BD97C9 /* SceneDelegate.swift */,
				2EAC6667288A8BCC00BD97C9 /* Main.storyboard */,
				2EAC666A288A8BCD00BD97C9 /* Assets.xcassets */,
				2EAC666C288A8BCD00BD97C9 /* LaunchScreen.storyboard */,
			);
			path = Utilities;
			sourceTree = "<group>";
		};
		2EAC6676288A8C9800BD97C9 /* Controllers */ = {
			isa = PBXGroup;
			children = (
				2EAC667C288A8D2900BD97C9 /* RoverScreen.swift */,
				2EAC668D288A9FC700BD97C9 /* MainViewController.swift */,
			);
			path = Controllers;
			sourceTree = "<group>";
		};
		2EAC6677288A8CA100BD97C9 /* Model */ = {
			isa = PBXGroup;
			children = (
				2EAC6682288A8F0000BD97C9 /* RoverPhotos.swift */,
			);
			path = Model;
			sourceTree = "<group>";
		};
		2EAC6678288A8CAB00BD97C9 /* ViewModel */ = {
			isa = PBXGroup;
			children = (
				2EAC6684288A8F1D00BD97C9 /* Rover.swift */,
			);
			path = ViewModel;
			sourceTree = "<group>";
		};
		2EAC6679288A8CB200BD97C9 /* Managers */ = {
			isa = PBXGroup;
			children = (
				2EAC6680288A8EC600BD97C9 /* APICaller.swift */,
			);
			path = Managers;
			sourceTree = "<group>";
		};
		2EAC667A288A8CBE00BD97C9 /* Extensions */ = {
			isa = PBXGroup;
			children = (
				2EAC667E288A8EB300BD97C9 /* Extensions.swift */,
				2EAC668B288A9C1600BD97C9 /* Alert.swift */,
			);
			path = Extensions;
			sourceTree = "<group>";
		};
		2EAC667B288A8CD800BD97C9 /* Views */ = {
			isa = PBXGroup;
			children = (
				2EAC6686288A8F3200BD97C9 /* RoverCell.swift */,
				2EAC668F288AA19100BD97C9 /* RoverTypeCell.swift */,
			);
			path = Views;
			sourceTree = "<group>";
		};
		8161DF92362B9C179CFE7C9F /* Frameworks */ = {
			isa = PBXGroup;
			children = (
				CFC5E22E8678B6BACB01DD1B /* Pods_nasa_test.framework */,
			);
			name = Frameworks;
			sourceTree = "<group>";
		};
		E7FD90E3733311ACE583F461 /* Pods */ = {
			isa = PBXGroup;
			children = (
				55F2C8141697835D15B788BD /* Pods-nasa_test.debug.xcconfig */,
				2FDC40A3410E3553175B46BF /* Pods-nasa_test.release.xcconfig */,
			);
			path = Pods;
			sourceTree = "<group>";
		};
/* End PBXGroup section */

/* Begin PBXNativeTarget section */
		2EAC665D288A8BCC00BD97C9 /* nasa_test */ = {
			isa = PBXNativeTarget;
			buildConfigurationList = 2EAC6672288A8BCD00BD97C9 /* Build configuration list for PBXNativeTarget "nasa_test" */;
			buildPhases = (
				34836FD70EA29FE384CFC6D1 /* [CP] Check Pods Manifest.lock */,
				2EAC665A288A8BCC00BD97C9 /* Sources */,
				2EAC665B288A8BCC00BD97C9 /* Frameworks */,
				2EAC665C288A8BCC00BD97C9 /* Resources */,
				179D5D6319A8FFC9B5FB10C4 /* [CP] Embed Pods Frameworks */,
			);
			buildRules = (
			);
			dependencies = (
			);
			name = nasa_test;
			packageProductDependencies = (
				2EAC6689288A8F6300BD97C9 /* SDWebImage */,
			);
			productName = nasa_test;
			productReference = 2EAC665E288A8BCC00BD97C9 /* nasa_test.app */;
			productType = "com.apple.product-type.application";
		};
/* End PBXNativeTarget section */

/* Begin PBXProject section */
		2EAC6656288A8BCC00BD97C9 /* Project object */ = {
			isa = PBXProject;
			attributes = {
				BuildIndependentTargetsInParallel = 1;
				LastSwiftUpdateCheck = 1340;
				LastUpgradeCheck = 1340;
				TargetAttributes = {
					2EAC665D288A8BCC00BD97C9 = {
						CreatedOnToolsVersion = 13.4.1;
					};
				};
			};
			buildConfigurationList = 2EAC6659288A8BCC00BD97C9 /* Build configuration list for PBXProject "nasa_test" */;
			compatibilityVersion = "Xcode 13.0";
			developmentRegion = en;
			hasScannedForEncodings = 0;
			knownRegions = (
				en,
				Base,
			);
			mainGroup = 2EAC6655288A8BCC00BD97C9;
			packageReferences = (
				2EAC6688288A8F6300BD97C9 /* XCRemoteSwiftPackageReference "SDWebImage" */,
			);
			productRefGroup = 2EAC665F288A8BCC00BD97C9 /* Products */;
			projectDirPath = "";
			projectRoot = "";
			targets = (
				2EAC665D288A8BCC00BD97C9 /* nasa_test */,
			);
		};
/* End PBXProject section */

/* Begin PBXResourcesBuildPhase section */
		2EAC665C288A8BCC00BD97C9 /* Resources */ = {
			isa = PBXResourcesBuildPhase;
			buildActionMask = 2147483647;
			files = (
				2EAC666E288A8BCD00BD97C9 /* LaunchScreen.storyboard in Resources */,
				2EAC666B288A8BCD00BD97C9 /* Assets.xcassets in Resources */,
				2EAC6669288A8BCC00BD97C9 /* Main.storyboard in Resources */,
			);
			runOnlyForDeploymentPostprocessing = 0;
		};
/* End PBXResourcesBuildPhase section */

/* Begin PBXShellScriptBuildPhase section */
		179D5D6319A8FFC9B5FB10C4 /* [CP] Embed Pods Frameworks */ = {
			isa = PBXShellScriptBuildPhase;
			buildActionMask = 2147483647;
			files = (
			);
			inputFileListPaths = (
				"${PODS_ROOT}/Target Support Files/Pods-nasa_test/Pods-nasa_test-frameworks-${CONFIGURATION}-input-files.xcfilelist",
			);
			name = "[CP] Embed Pods Frameworks";
			outputFileListPaths = (
				"${PODS_ROOT}/Target Support Files/Pods-nasa_test/Pods-nasa_test-frameworks-${CONFIGURATION}-output-files.xcfilelist",
			);
			runOnlyForDeploymentPostprocessing = 0;
			shellPath = /bin/sh;
			shellScript = "\"${PODS_ROOT}/Target Support Files/Pods-nasa_test/Pods-nasa_test-frameworks.sh\"\n";
			showEnvVarsInLog = 0;
		};
		34836FD70EA29FE384CFC6D1 /* [CP] Check Pods Manifest.lock */ = {
			isa = PBXShellScriptBuildPhase;
			buildActionMask = 2147483647;
			files = (
			);
			inputFileListPaths = (
			);
			inputPaths = (
				"${PODS_PODFILE_DIR_PATH}/Podfile.lock",
				"${PODS_ROOT}/Manifest.lock",
			);
			name = "[CP] Check Pods Manifest.lock";
			outputFileListPaths = (
			);
			outputPaths = (
				"$(DERIVED_FILE_DIR)/Pods-nasa_test-checkManifestLockResult.txt",
			);
			runOnlyForDeploymentPostprocessing = 0;
			shellPath = /bin/sh;
			shellScript = "diff \"${PODS_PODFILE_DIR_PATH}/Podfile.lock\" \"${PODS_ROOT}/Manifest.lock\" > /dev/null\nif [ $? != 0 ] ; then\n    # print error to STDERR\n    echo \"error: The sandbox is not in sync with the Podfile.lock. Run 'pod install' or update your CocoaPods installation.\" >&2\n    exit 1\nfi\n# This output is used by Xcode 'outputs' to avoid re-running this script phase.\necho \"SUCCESS\" > \"${SCRIPT_OUTPUT_FILE_0}\"\n";
			showEnvVarsInLog = 0;
		};
/* End PBXShellScriptBuildPhase section */

/* Begin PBXSourcesBuildPhase section */
		2EAC665A288A8BCC00BD97C9 /* Sources */ = {
			isa = PBXSourcesBuildPhase;
			buildActionMask = 2147483647;
			files = (
				2EAC668C288A9C1600BD97C9 /* Alert.swift in Sources */,
				2EAC6687288A8F3200BD97C9 /* RoverCell.swift in Sources */,
				2EAC6662288A8BCC00BD97C9 /* AppDelegate.swift in Sources */,
				2EAC667D288A8D2900BD97C9 /* RoverScreen.swift in Sources */,
				2EAC6664288A8BCC00BD97C9 /* SceneDelegate.swift in Sources */,
				2EAC6690288AA19100BD97C9 /* RoverTypeCell.swift in Sources */,
				2EAC6683288A8F0000BD97C9 /* RoverPhotos.swift in Sources */,
				2EAC6681288A8EC600BD97C9 /* APICaller.swift in Sources */,
				2EAC667F288A8EB300BD97C9 /* Extensions.swift in Sources */,
				2EAC6685288A8F1D00BD97C9 /* Rover.swift in Sources */,
				2EAC668E288A9FC700BD97C9 /* MainViewController.swift in Sources */,
			);
			runOnlyForDeploymentPostprocessing = 0;
		};
/* End PBXSourcesBuildPhase section */

/* Begin PBXVariantGroup section */
		2EAC6667288A8BCC00BD97C9 /* Main.storyboard */ = {
			isa = PBXVariantGroup;
			children = (
				2EAC6668288A8BCC00BD97C9 /* Base */,
			);
			name = Main.storyboard;
			sourceTree = "<group>";
		};
		2EAC666C288A8BCD00BD97C9 /* LaunchScreen.storyboard */ = {
			isa = PBXVariantGroup;
			children = (
				2EAC666D288A8BCD00BD97C9 /* Base */,
			);
			name = LaunchScreen.storyboard;
			sourceTree = "<group>";
		};
/* End PBXVariantGroup section */

/* Begin XCBuildConfiguration section */
		2EAC6670288A8BCD00BD97C9 /* Debug */ = {
			isa = XCBuildConfiguration;
			buildSettings = {
				ALWAYS_SEARCH_USER_PATHS = NO;
				CLANG_ANALYZER_NONNULL = YES;
				CLANG_ANALYZER_NUMBER_OBJECT_CONVERSION = YES_AGGRESSIVE;
				CLANG_CXX_LANGUAGE_STANDARD = "gnu++17";
				CLANG_ENABLE_MODULES = YES;
				CLANG_ENABLE_OBJC_ARC = YES;
				CLANG_ENABLE_OBJC_WEAK = YES;
				CLANG_WARN_BLOCK_CAPTURE_AUTORELEASING = YES;
				CLANG_WARN_BOOL_CONVERSION = YES;
				CLANG_WARN_COMMA = YES;
				CLANG_WARN_CONSTANT_CONVERSION = YES;
				CLANG_WARN_DEPRECATED_OBJC_IMPLEMENTATIONS = YES;
				CLANG_WARN_DIRECT_OBJC_ISA_USAGE = YES_ERROR;
				CLANG_WARN_DOCUMENTATION_COMMENTS = YES;
				CLANG_WARN_EMPTY_BODY = YES;
				CLANG_WARN_ENUM_CONVERSION = YES;
				CLANG_WARN_INFINITE_RECURSION = YES;
				CLANG_WARN_INT_CONVERSION = YES;
				CLANG_WARN_NON_LITERAL_NULL_CONVERSION = YES;
				CLANG_WARN_OBJC_IMPLICIT_RETAIN_SELF = YES;
				CLANG_WARN_OBJC_LITERAL_CONVERSION = YES;
				CLANG_WARN_OBJC_ROOT_CLASS = YES_ERROR;
				CLANG_WARN_QUOTED_INCLUDE_IN_FRAMEWORK_HEADER = YES;
				CLANG_WARN_RANGE_LOOP_ANALYSIS = YES;
				CLANG_WARN_STRICT_PROTOTYPES = YES;
				CLANG_WARN_SUSPICIOUS_MOVE = YES;
				CLANG_WARN_UNGUARDED_AVAILABILITY = YES_AGGRESSIVE;
				CLANG_WARN_UNREACHABLE_CODE = YES;
				CLANG_WARN__DUPLICATE_METHOD_MATCH = YES;
				COPY_PHASE_STRIP = NO;
				DEBUG_INFORMATION_FORMAT = dwarf;
				ENABLE_STRICT_OBJC_MSGSEND = YES;
				ENABLE_TESTABILITY = YES;
				GCC_C_LANGUAGE_STANDARD = gnu11;
				GCC_DYNAMIC_NO_PIC = NO;
				GCC_NO_COMMON_BLOCKS = YES;
				GCC_OPTIMIZATION_LEVEL = 0;
				GCC_PREPROCESSOR_DEFINITIONS = (
					"DEBUG=1",
					"$(inherited)",
				);
				GCC_WARN_64_TO_32_BIT_CONVERSION = YES;
				GCC_WARN_ABOUT_RETURN_TYPE = YES_ERROR;
				GCC_WARN_UNDECLARED_SELECTOR = YES;
				GCC_WARN_UNINITIALIZED_AUTOS = YES_AGGRESSIVE;
				GCC_WARN_UNUSED_FUNCTION = YES;
				GCC_WARN_UNUSED_VARIABLE = YES;
				IPHONEOS_DEPLOYMENT_TARGET = 15.5;
				MTL_ENABLE_DEBUG_INFO = INCLUDE_SOURCE;
				MTL_FAST_MATH = YES;
				ONLY_ACTIVE_ARCH = YES;
				SDKROOT = iphoneos;
				SWIFT_ACTIVE_COMPILATION_CONDITIONS = DEBUG;
				SWIFT_OPTIMIZATION_LEVEL = "-Onone";
			};
			name = Debug;
		};
		2EAC6671288A8BCD00BD97C9 /* Release */ = {
			isa = XCBuildConfiguration;
			buildSettings = {
				ALWAYS_SEARCH_USER_PATHS = NO;
				CLANG_ANALYZER_NONNULL = YES;
				CLANG_ANALYZER_NUMBER_OBJECT_CONVERSION = YES_AGGRESSIVE;
				CLANG_CXX_LANGUAGE_STANDARD = "gnu++17";
				CLANG_ENABLE_MODULES = YES;
				CLANG_ENABLE_OBJC_ARC = YES;
				CLANG_ENABLE_OBJC_WEAK = YES;
				CLANG_WARN_BLOCK_CAPTURE_AUTORELEASING = YES;
				CLANG_WARN_BOOL_CONVERSION = YES;
				CLANG_WARN_COMMA = YES;
				CLANG_WARN_CONSTANT_CONVERSION = YES;
				CLANG_WARN_DEPRECATED_OBJC_IMPLEMENTATIONS = YES;
				CLANG_WARN_DIRECT_OBJC_ISA_USAGE = YES_ERROR;
				CLANG_WARN_DOCUMENTATION_COMMENTS = YES;
				CLANG_WARN_EMPTY_BODY = YES;
				CLANG_WARN_ENUM_CONVERSION = YES;
				CLANG_WARN_INFINITE_RECURSION = YES;
				CLANG_WARN_INT_CONVERSION = YES;
				CLANG_WARN_NON_LITERAL_NULL_CONVERSION = YES;
				CLANG_WARN_OBJC_IMPLICIT_RETAIN_SELF = YES;
				CLANG_WARN_OBJC_LITERAL_CONVERSION = YES;
				CLANG_WARN_OBJC_ROOT_CLASS = YES_ERROR;
				CLANG_WARN_QUOTED_INCLUDE_IN_FRAMEWORK_HEADER = YES;
				CLANG_WARN_RANGE_LOOP_ANALYSIS = YES;
				CLANG_WARN_STRICT_PROTOTYPES = YES;
				CLANG_WARN_SUSPICIOUS_MOVE = YES;
				CLANG_WARN_UNGUARDED_AVAILABILITY = YES_AGGRESSIVE;
				CLANG_WARN_UNREACHABLE_CODE = YES;
				CLANG_WARN__DUPLICATE_METHOD_MATCH = YES;
				COPY_PHASE_STRIP = NO;
				DEBUG_INFORMATION_FORMAT = "dwarf-with-dsym";
				ENABLE_NS_ASSERTIONS = NO;
				ENABLE_STRICT_OBJC_MSGSEND = YES;
				GCC_C_LANGUAGE_STANDARD = gnu11;
				GCC_NO_COMMON_BLOCKS = YES;
				GCC_WARN_64_TO_32_BIT_CONVERSION = YES;
				GCC_WARN_ABOUT_RETURN_TYPE = YES_ERROR;
				GCC_WARN_UNDECLARED_SELECTOR = YES;
				GCC_WARN_UNINITIALIZED_AUTOS = YES_AGGRESSIVE;
				GCC_WARN_UNUSED_FUNCTION = YES;
				GCC_WARN_UNUSED_VARIABLE = YES;
				IPHONEOS_DEPLOYMENT_TARGET = 15.5;
				MTL_ENABLE_DEBUG_INFO = NO;
				MTL_FAST_MATH = YES;
				SDKROOT = iphoneos;
				SWIFT_COMPILATION_MODE = wholemodule;
				SWIFT_OPTIMIZATION_LEVEL = "-O";
				VALIDATE_PRODUCT = YES;
			};
			name = Release;
		};
		2EAC6673288A8BCD00BD97C9 /* Debug */ = {
			isa = XCBuildConfiguration;
			baseConfigurationReference = 55F2C8141697835D15B788BD /* Pods-nasa_test.debug.xcconfig */;
			buildSettings = {
				ASSETCATALOG_COMPILER_APPICON_NAME = AppIcon;
				ASSETCATALOG_COMPILER_GLOBAL_ACCENT_COLOR_NAME = AccentColor;
				CODE_SIGN_STYLE = Automatic;
				CURRENT_PROJECT_VERSION = 1;
				GENERATE_INFOPLIST_FILE = YES;
				INFOPLIST_FILE = nasa_test/Info.plist;
				INFOPLIST_KEY_UIApplicationSupportsIndirectInputEvents = YES;
				INFOPLIST_KEY_UILaunchStoryboardName = LaunchScreen;
				INFOPLIST_KEY_UIMainStoryboardFile = Main;
				INFOPLIST_KEY_UISupportedInterfaceOrientations_iPad = "UIInterfaceOrientationPortrait UIInterfaceOrientationPortraitUpsideDown UIInterfaceOrientationLandscapeLeft UIInterfaceOrientationLandscapeRight";
				INFOPLIST_KEY_UISupportedInterfaceOrientations_iPhone = "UIInterfaceOrientationPortrait UIInterfaceOrientationLandscapeLeft UIInterfaceOrientationLandscapeRight";
				LD_RUNPATH_SEARCH_PATHS = (
					"$(inherited)",
					"@executable_path/Frameworks",
				);
				MARKETING_VERSION = 1.0;
				PRODUCT_BUNDLE_IDENTIFIER = "com.nasa-test";
				PRODUCT_NAME = "$(TARGET_NAME)";
				SWIFT_EMIT_LOC_STRINGS = YES;
				SWIFT_VERSION = 5.0;
				TARGETED_DEVICE_FAMILY = "1,2";
			};
			name = Debug;
		};
		2EAC6674288A8BCD00BD97C9 /* Release */ = {
			isa = XCBuildConfiguration;
			baseConfigurationReference = 2FDC40A3410E3553175B46BF /* Pods-nasa_test.release.xcconfig */;
			buildSettings = {
				ASSETCATALOG_COMPILER_APPICON_NAME = AppIcon;
				ASSETCATALOG_COMPILER_GLOBAL_ACCENT_COLOR_NAME = AccentColor;
				CODE_SIGN_STYLE = Automatic;
				CURRENT_PROJECT_VERSION = 1;
				GENERATE_INFOPLIST_FILE = YES;
				INFOPLIST_FILE = nasa_test/Info.plist;
				INFOPLIST_KEY_UIApplicationSupportsIndirectInputEvents = YES;
				INFOPLIST_KEY_UILaunchStoryboardName = LaunchScreen;
				INFOPLIST_KEY_UIMainStoryboardFile = Main;
				INFOPLIST_KEY_UISupportedInterfaceOrientations_iPad = "UIInterfaceOrientationPortrait UIInterfaceOrientationPortraitUpsideDown UIInterfaceOrientationLandscapeLeft UIInterfaceOrientationLandscapeRight";
				INFOPLIST_KEY_UISupportedInterfaceOrientations_iPhone = "UIInterfaceOrientationPortrait UIInterfaceOrientationLandscapeLeft UIInterfaceOrientationLandscapeRight";
				LD_RUNPATH_SEARCH_PATHS = (
					"$(inherited)",
					"@executable_path/Frameworks",
				);
				MARKETING_VERSION = 1.0;
				PRODUCT_BUNDLE_IDENTIFIER = "com.nasa-test";
				PRODUCT_NAME = "$(TARGET_NAME)";
				SWIFT_EMIT_LOC_STRINGS = YES;
				SWIFT_VERSION = 5.0;
				TARGETED_DEVICE_FAMILY = "1,2";
			};
			name = Release;
		};
/* End XCBuildConfiguration section */

/* Begin XCConfigurationList section */
		2EAC6659288A8BCC00BD97C9 /* Build configuration list for PBXProject "nasa_test" */ = {
			isa = XCConfigurationList;
			buildConfigurations = (
				2EAC6670288A8BCD00BD97C9 /* Debug */,
				2EAC6671288A8BCD00BD97C9 /* Release */,
			);
			defaultConfigurationIsVisible = 0;
			defaultConfigurationName = Release;
		};
		2EAC6672288A8BCD00BD97C9 /* Build configuration list for PBXNativeTarget "nasa_test" */ = {
			isa = XCConfigurationList;
			buildConfigurations = (
				2EAC6673288A8BCD00BD97C9 /* Debug */,
				2EAC6674288A8BCD00BD97C9 /* Release */,
			);
			defaultConfigurationIsVisible = 0;
			defaultConfigurationName = Release;
		};
/* End XCConfigurationList section */

/* Begin XCRemoteSwiftPackageReference section */
		2EAC6688288A8F6300BD97C9 /* XCRemoteSwiftPackageReference "SDWebImage" */ = {
			isa = XCRemoteSwiftPackageReference;
			repositoryURL = "https://github.com/SDWebImage/SDWebImage.git";
			requirement = {
				branch = master;
				kind = branch;
			};
		};
/* End XCRemoteSwiftPackageReference section */

/* Begin XCSwiftPackageProductDependency section */
		2EAC6689288A8F6300BD97C9 /* SDWebImage */ = {
			isa = XCSwiftPackageProductDependency;
			package = 2EAC6688288A8F6300BD97C9 /* XCRemoteSwiftPackageReference "SDWebImage" */;
			productName = SDWebImage;
		};
/* End XCSwiftPackageProductDependency section */
	};
	rootObject = 2EAC6656288A8BCC00BD97C9 /* Project object */;
}
